
Microsoft Visual Studio Solution File, Format Version 12.00
# Visual Studio Version 17
VisualStudioVersion = 17.1.32421.90
MinimumVisualStudioVersion = 10.0.40219.1
Project("{9A19103F-16F7-4668-BE54-9A1E7A4F7556}") = "Restaurante", "Restaurante\Restaurante.csproj", "{64804F60-C0A4-4C23-A8A7-DB217D960C22}"
EndProject
Project("{9A19103F-16F7-4668-BE54-9A1E7A4F7556}") = "Restaurante.API", "Restaurante.API\Restaurante.API.csproj", "{D18AAF37-DB30-40F0-8E12-7D3459522AD7}"
EndProject
Global
	GlobalSection(SolutionConfigurationPlatforms) = preSolution
		Debug|Any CPU = Debug|Any CPU
		Debug|x64 = Debug|x64
		Debug|x86 = Debug|x86
		Release|Any CPU = Release|Any CPU
		Release|x64 = Release|x64
		Release|x86 = Release|x86
	EndGlobalSection
	GlobalSection(ProjectConfigurationPlatforms) = postSolution
		{64804F60-C0A4-4C23-A8A7-DB217D960C22}.Debug|Any CPU.ActiveCfg = Debug|Any CPU
		{64804F60-C0A4-4C23-A8A7-DB217D960C22}.Debug|Any CPU.Build.0 = Debug|Any CPU
		{64804F60-C0A4-4C23-A8A7-DB217D960C22}.Debug|x64.ActiveCfg = Debug|Any CPU
		{64804F60-C0A4-4C23-A8A7-DB217D960C22}.Debug|x64.Build.0 = Debug|Any CPU
		{64804F60-C0A4-4C23-A8A7-DB217D960C22}.Debug|x86.ActiveCfg = Debug|Any CPU
		{64804F60-C0A4-4C23-A8A7-DB217D960C22}.Debug|x86.Build.0 = Debug|Any CPU
		{64804F60-C0A4-4C23-A8A7-DB217D960C22}.Release|Any CPU.ActiveCfg = Release|Any CPU
		{64804F60-C0A4-4C23-A8A7-DB217D960C22}.Release|Any CPU.Build.0 = Release|Any CPU
		{64804F60-C0A4-4C23-A8A7-DB217D960C22}.Release|x64.ActiveCfg = Release|Any CPU
		{64804F60-C0A4-4C23-A8A7-DB217D960C22}.Release|x64.Build.0 = Release|Any CPU
		{64804F60-C0A4-4C23-A8A7-DB217D960C22}.Release|x86.ActiveCfg = Release|Any CPU
		{64804F60-C0A4-4C23-A8A7-DB217D960C22}.Release|x86.Build.0 = Release|Any CPU
		{D18AAF37-DB30-40F0-8E12-7D3459522AD7}.Debug|Any CPU.ActiveCfg = Debug|Any CPU
		{D18AAF37-DB30-40F0-8E12-7D3459522AD7}.Debug|Any CPU.Build.0 = Debug|Any CPU
		{D18AAF37-DB30-40F0-8E12-7D3459522AD7}.Debug|x64.ActiveCfg = Debug|Any CPU
		{D18AAF37-DB30-40F0-8E12-7D3459522AD7}.Debug|x64.Build.0 = Debug|Any CPU
		{D18AAF37-DB30-40F0-8E12-7D3459522AD7}.Debug|x86.ActiveCfg = Debug|Any CPU
		{D18AAF37-DB30-40F0-8E12-7D3459522AD7}.Debug|x86.Build.0 = Debug|Any CPU
		{D18AAF37-DB30-40F0-8E12-7D3459522AD7}.Release|Any CPU.ActiveCfg = Release|Any CPU
		{D18AAF37-DB30-40F0-8E12-7D3459522AD7}.Release|Any CPU.Build.0 = Release|Any CPU
		{D18AAF37-DB30-40F0-8E12-7D3459522AD7}.Release|x64.ActiveCfg = Release|Any CPU
		{D18AAF37-DB30-40F0-8E12-7D3459522AD7}.Release|x64.Build.0 = Release|Any CPU
		{D18AAF37-DB30-40F0-8E12-7D3459522AD7}.Release|x86.ActiveCfg = Release|Any CPU
		{D18AAF37-DB30-40F0-8E12-7D3459522AD7}.Release|x86.Build.0 = Release|Any CPU
	EndGlobalSection
	GlobalSection(SolutionProperties) = preSolution
		HideSolutionNode = FALSE
	EndGlobalSection
	GlobalSection(ExtensibilityGlobals) = postSolution
		SolutionGuid = {D2713D6B-6AFB-4F9D-B9A3-2ADA5D40BBDC}
	EndGlobalSection
EndGlobal
